{
  "name": "keychain-back",
  "version": "1.0.0",
  "lockfileVersion": 3,
  "requires": true,
  "packages": {
    "": {
      "name": "keychain-back",
      "version": "1.0.0",
      "license": "ISC",
      "dependencies": {
        "@prisma/client": "^5.1.0",
        "@slack/webhook": "^6.1.0",
        "dotenv": "^16.3.1",
        "node-cron": "^3.0.2"
      },
      "devDependencies": {
        "prisma": "^5.1.0"
      }
    },
    "node_modules/@prisma/client": {
      "version": "5.1.0",
      "resolved": "https://registry.npmjs.org/@prisma/client/-/client-5.1.0.tgz",
      "integrity": "sha512-aIxuXlH3p3Vy91buodQhYgAD9m0yuxJzpXMhc1ejQ/WN3pNNWzBA0iDcBObLq8DMdszcXmoLAk3hiRq/ZwBsOw==",
      "hasInstallScript": true,
      "dependencies": {
        "@prisma/engines-version": "5.1.0-28.a9b7003df90aa623086e4d6f4e43c72468e6339b"
      },
      "engines": {
        "node": ">=16.13"
      },
      "peerDependencies": {
        "prisma": "*"
      },
      "peerDependenciesMeta": {
        "prisma": {
          "optional": true
        }
      }
    },
    "node_modules/@prisma/engines": {
      "version": "5.1.0",
      "resolved": "https://registry.npmjs.org/@prisma/engines/-/engines-5.1.0.tgz",
      "integrity": "sha512-HqaFsnPmZOdMWkPq6tT2eTVTQyaAXEDdKszcZ4yc7DGMBIYRP6j/zAJTtZUG9SsMV8FaucdL5vRyxY/p5Ni28g==",
      "devOptional": true,
      "hasInstallScript": true
    },
    "node_modules/@prisma/engines-version": {
      "version": "5.1.0-28.a9b7003df90aa623086e4d6f4e43c72468e6339b",
      "resolved": "https://registry.npmjs.org/@prisma/engines-version/-/engines-version-5.1.0-28.a9b7003df90aa623086e4d6f4e43c72468e6339b.tgz",
      "integrity": "sha512-jTwE2oy1yjICmTfnCR0ASIpuMZXZ18sUzQXB7V0RMbrM9OlcmbUwXPuYhnxXuWN8XwRmujeIhsXs/Zeh+fjPOQ=="
    },
    "node_modules/@slack/types": {
      "version": "1.10.0",
      "resolved": "https://registry.npmjs.org/@slack/types/-/types-1.10.0.tgz",
      "integrity": "sha512-tA7GG7Tj479vojfV3AoxbckalA48aK6giGjNtgH6ihpLwTyHE3fIgRrvt8TWfLwW8X8dyu7vgmAsGLRG7hWWOg==",
      "engines": {
        "node": ">= 8.9.0",
        "npm": ">= 5.5.1"
      }
    },
    "node_modules/@slack/webhook": {
      "version": "6.1.0",
      "resolved": "https://registry.npmjs.org/@slack/webhook/-/webhook-6.1.0.tgz",
      "integrity": "sha512-7AYNISyAjn/lA/VDwZ307K5ft5DojXgBd3DRrGoFN8XxIwIyRALdFhxBiMgAqeJH8eWoktvNwLK24R9hREEqpA==",
      "dependencies": {
        "@slack/types": "^1.2.1",
        "@types/node": ">=12.0.0",
        "axios": "^0.21.4"
      },
      "engines": {
        "node": ">= 12.13.0",
        "npm": ">= 6.12.0"
      }
    },
    "node_modules/@types/node": {
      "version": "20.4.6",
      "resolved": "https://registry.npmjs.org/@types/node/-/node-20.4.6.tgz",
      "integrity": "sha512-q0RkvNgMweWWIvSMDiXhflGUKMdIxBo2M2tYM/0kEGDueQByFzK4KZAgu5YHGFNxziTlppNpTIBcqHQAxlfHdA=="
    },
    "node_modules/axios": {
      "version": "0.21.4",
      "resolved": "https://registry.npmjs.org/axios/-/axios-0.21.4.tgz",
      "integrity": "sha512-ut5vewkiu8jjGBdqpM44XxjuCjq9LAKeHVmoVfHVzy8eHgxxq8SbAVQNovDA8mVi05kP0Ea/n/UzcSHcTJQfNg==",
      "dependencies": {
        "follow-redirects": "^1.14.0"
      }
    },
    "node_modules/dotenv": {
      "version": "16.3.1",
      "resolved": "https://registry.npmjs.org/dotenv/-/dotenv-16.3.1.tgz",
      "integrity": "sha512-IPzF4w4/Rd94bA9imS68tZBaYyBWSCE47V1RGuMrB94iyTOIEwRmVL2x/4An+6mETpLrKJ5hQkB8W4kFAadeIQ==",
      "engines": {
        "node": ">=12"
      },
      "funding": {
        "url": "https://github.com/motdotla/dotenv?sponsor=1"
      }
    },
    "node_modules/follow-redirects": {
      "version": "1.15.2",
      "resolved": "https://registry.npmjs.org/follow-redirects/-/follow-redirects-1.15.2.tgz",
      "integrity": "sha512-VQLG33o04KaQ8uYi2tVNbdrWp1QWxNNea+nmIB4EVM28v0hmP17z7aG1+wAkNzVq4KeXTq3221ye5qTJP91JwA==",
      "funding": [
        {
          "type": "individual",
          "url": "https://github.com/sponsors/RubenVerborgh"
        }
      ],
      "engines": {
        "node": ">=4.0"
      },
      "peerDependenciesMeta": {
        "debug": {
          "optional": true
        }
      }
    },
    "node_modules/node-cron": {
      "version": "3.0.2",
      "resolved": "https://registry.npmjs.org/node-cron/-/node-cron-3.0.2.tgz",
      "integrity": "sha512-iP8l0yGlNpE0e6q1o185yOApANRe47UPbLf4YxfbiNHt/RU5eBcGB/e0oudruheSf+LQeDMezqC5BVAb5wwRcQ==",
      "dependencies": {
        "uuid": "8.3.2"
      },
      "engines": {
        "node": ">=6.0.0"
      }
    },
    "node_modules/prisma": {
      "version": "5.1.0",
      "resolved": "https://registry.npmjs.org/prisma/-/prisma-5.1.0.tgz",
      "integrity": "sha512-wkXvh+6wxk03G8qwpZMOed4Y3j+EQ+bMTlvbDZHeal6k1E8QuGKzRO7DRXlE1NV0WNgOAas8kwZqcLETQ2+BiQ==",
      "devOptional": true,
      "hasInstallScript": true,
      "dependencies": {
        "@prisma/engines": "5.1.0"
      },
      "bin": {
        "prisma": "build/index.js"
      },
      "engines": {
        "node": ">=16.13"
      }
    },
    "node_modules/uuid": {
      "version": "8.3.2",
      "resolved": "https://registry.npmjs.org/uuid/-/uuid-8.3.2.tgz",
      "integrity": "sha512-+NYs2QeMWy+GWFOEm9xnn6HCDp0l7QBD7ml8zLUmJ+93Q5NF0NocErnwkTkXVFNiX3/fpC6afS8Dhb/gz7R7eg==",
      "bin": {
        "uuid": "dist/bin/uuid"
      }
    }
  }
}
